
Microsoft Visual Studio Solution File, Format Version 12.00
# Visual Studio Version 17
VisualStudioVersion = 17.4.33213.308
MinimumVisualStudioVersion = 10.0.40219.1
Project("{FAE04EC0-301F-11D3-BF4B-00C04F79EFBC}") = "Reverter string", "Reverter string.csproj", "{87F6DA65-E60A-4DCF-8220-04221D4AD96D}"
EndProject
Global
	GlobalSection(SolutionConfigurationPlatforms) = preSolution
		Debug|Any CPU = Debug|Any CPU
		Release|Any CPU = Release|Any CPU
	EndGlobalSection
	GlobalSection(ProjectConfigurationPlatforms) = postSolution
		{87F6DA65-E60A-4DCF-8220-04221D4AD96D}.Debug|Any CPU.ActiveCfg = Debug|Any CPU
		{87F6DA65-E60A-4DCF-8220-04221D4AD96D}.Debug|Any CPU.Build.0 = Debug|Any CPU
		{87F6DA65-E60A-4DCF-8220-04221D4AD96D}.Release|Any CPU.ActiveCfg = Release|Any CPU
		{87F6DA65-E60A-4DCF-8220-04221D4AD96D}.Release|Any CPU.Build.0 = Release|Any CPU
	EndGlobalSection
	GlobalSection(SolutionProperties) = preSolution
		HideSolutionNode = FALSE
	EndGlobalSection
	GlobalSection(ExtensibilityGlobals) = postSolution
		SolutionGuid = {D7994597-84CB-4D29-9128-C9F0BFFC446E}
	EndGlobalSection
EndGlobal
